
Microsoft Visual Studio Solution File, Format Version 12.00
# Visual Studio 14
VisualStudioVersion = 14.0.24720.0
MinimumVisualStudioVersion = 10.0.40219.1
Project("{FAE04EC0-301F-11D3-BF4B-00C04F79EFBC}") = "Ratings-generator", "Ratings-generator\Ratings-generator.csproj", "{EA02EE91-DAF4-4C03-A02C-E1679780C3A3}"
EndProject
Project("{FAE04EC0-301F-11D3-BF4B-00C04F79EFBC}") = "Movies-crawler", "Movies-crawler\Movies-crawler.csproj", "{0FB159C3-7699-4884-86E7-59507EDE81BB}"
EndProject
Global
	GlobalSection(SolutionConfigurationPlatforms) = preSolution
		Debug|Any CPU = Debug|Any CPU
		Release|Any CPU = Release|Any CPU
	EndGlobalSection
	GlobalSection(ProjectConfigurationPlatforms) = postSolution
		{EA02EE91-DAF4-4C03-A02C-E1679780C3A3}.Debug|Any CPU.ActiveCfg = Debug|Any CPU
		{EA02EE91-DAF4-4C03-A02C-E1679780C3A3}.Debug|Any CPU.Build.0 = Debug|Any CPU
		{EA02EE91-DAF4-4C03-A02C-E1679780C3A3}.Release|Any CPU.ActiveCfg = Release|Any CPU
		{EA02EE91-DAF4-4C03-A02C-E1679780C3A3}.Release|Any CPU.Build.0 = Release|Any CPU
		{0FB159C3-7699-4884-86E7-59507EDE81BB}.Debug|Any CPU.ActiveCfg = Debug|Any CPU
		{0FB159C3-7699-4884-86E7-59507EDE81BB}.Debug|Any CPU.Build.0 = Debug|Any CPU
		{0FB159C3-7699-4884-86E7-59507EDE81BB}.Release|Any CPU.ActiveCfg = Release|Any CPU
		{0FB159C3-7699-4884-86E7-59507EDE81BB}.Release|Any CPU.Build.0 = Release|Any CPU
	EndGlobalSection
	GlobalSection(SolutionProperties) = preSolution
		HideSolutionNode = FALSE
	EndGlobalSection
EndGlobal
